// !$*UTF8*$!
{
	archiveVersion = 1;
	classes = {
	};
	objectVersion = 77;
	objects = {

/* Begin PBXBuildFile section */
		5B1858D62D51FD3A00625A0F /* AnchoredPopup in Frameworks */ = {isa = PBXBuildFile; productRef = 5B1858D52D51FD3A00625A0F /* AnchoredPopup */; };
		5B4929972D673CC9002D045E /* ChakraPetch-Light.ttf in Resources */ = {isa = PBXBuildFile; fileRef = 5B4929962D673CC9002D045E /* ChakraPetch-Light.ttf */; };
		5B4DBAD32D92F74A0067A006 /* AnchoredPopup in Frameworks */ = {isa = PBXBuildFile; productRef = 5B4DBAD22D92F74A0067A006 /* AnchoredPopup */; };
		5B87F2BB2D3FAE7600A1D1FA /* AnchoredPopup in Frameworks */ = {isa = PBXBuildFile; productRef = 5B87F2BA2D3FAE7600A1D1FA /* AnchoredPopup */; };
		5B87F2BE2D3FAEE400A1D1FA /* AnchoredPopup in Frameworks */ = {isa = PBXBuildFile; productRef = 5B87F2BD2D3FAEE400A1D1FA /* AnchoredPopup */; };
		5B87F2C12D3FB04A00A1D1FA /* AnchoredPopup in Frameworks */ = {isa = PBXBuildFile; productRef = 5B87F2C02D3FB04A00A1D1FA /* AnchoredPopup */; };
		5B87F2C42D3FB0D100A1D1FA /* AnchoredPopup in Frameworks */ = {isa = PBXBuildFile; productRef = 5B87F2C32D3FB0D100A1D1FA /* AnchoredPopup */; };
		5BACA4352D64806C0093E0CF /* AnchoredPopup in Frameworks */ = {isa = PBXBuildFile; productRef = 5BACA4342D64806C0093E0CF /* AnchoredPopup */; };
		5BACA4492D64808A0093E0CF /* IBMPlexMono-Regular.ttf in Resources */ = {isa = PBXBuildFile; fileRef = 5BACA43A2D64808A0093E0CF /* IBMPlexMono-Regular.ttf */; };
		5BACA44A2D64808A0093E0CF /* Preview Assets.xcassets in Resources */ = {isa = PBXBuildFile; fileRef = 5BACA43C2D64808A0093E0CF /* Preview Assets.xcassets */; };
		5BACA44C2D64808A0093E0CF /* IBMPlexMono-Bold.ttf in Resources */ = {isa = PBXBuildFile; fileRef = 5BACA4382D64808A0093E0CF /* IBMPlexMono-Bold.ttf */; };
		5BACA44D2D64808A0093E0CF /* ChakraPetch-Medium.ttf in Resources */ = {isa = PBXBuildFile; fileRef = 5BACA4362D64808A0093E0CF /* ChakraPetch-Medium.ttf */; };
		5BACA44E2D64808A0093E0CF /* Assets.xcassets in Resources */ = {isa = PBXBuildFile; fileRef = 5BACA4462D64808A0093E0CF /* Assets.xcassets */; };
		5BACA44F2D64808A0093E0CF /* ChakraPetch-Regular.ttf in Resources */ = {isa = PBXBuildFile; fileRef = 5BACA4372D64808A0093E0CF /* ChakraPetch-Regular.ttf */; };
		5BACA4502D64808A0093E0CF /* IBMPlexMono-Medium.ttf in Resources */ = {isa = PBXBuildFile; fileRef = 5BACA4392D64808A0093E0CF /* IBMPlexMono-Medium.ttf */; };
		5BACA4512D64808A0093E0CF /* Utils.swift in Sources */ = {isa = PBXBuildFile; fileRef = 5BACA4432D64808A0093E0CF /* Utils.swift */; };
		5BACA4522D64808A0093E0CF /* AnchoredPopupExampleApp.swift in Sources */ = {isa = PBXBuildFile; fileRef = 5BACA4452D64808A0093E0CF /* AnchoredPopupExampleApp.swift */; };
		5BACA4532D64808A0093E0CF /* Popups.swift in Sources */ = {isa = PBXBuildFile; fileRef = 5BACA43F2D64808A0093E0CF /* Popups.swift */; };
		5BACA4542D64808A0093E0CF /* MainView.swift in Sources */ = {isa = PBXBuildFile; fileRef = 5BACA43E2D64808A0093E0CF /* MainView.swift */; };
		5BACA4552D64808A0093E0CF /* FontUtils.swift in Sources */ = {isa = PBXBuildFile; fileRef = 5BACA4422D64808A0093E0CF /* FontUtils.swift */; };
		5BACA4562D64808A0093E0CF /* ProfileView.swift in Sources */ = {isa = PBXBuildFile; fileRef = 5BACA4402D64808A0093E0CF /* ProfileView.swift */; };
		5BB5D7002D647EC900D26B4D /* AnchoredPopup in Frameworks */ = {isa = PBXBuildFile; productRef = 5BB5D6FF2D647EC900D26B4D /* AnchoredPopup */; };
/* End PBXBuildFile section */

/* Begin PBXFileReference section */
		5B4929962D673CC9002D045E /* ChakraPetch-Light.ttf */ = {isa = PBXFileReference; lastKnownFileType = file; path = "ChakraPetch-Light.ttf"; sourceTree = "<group>"; };
		5B87F2A22D3FA2B300A1D1FA /* AnchoredPopupExample.app */ = {isa = PBXFileReference; explicitFileType = wrapper.application; includeInIndex = 0; path = AnchoredPopupExample.app; sourceTree = BUILT_PRODUCTS_DIR; };
		5BACA4362D64808A0093E0CF /* ChakraPetch-Medium.ttf */ = {isa = PBXFileReference; lastKnownFileType = file; path = "ChakraPetch-Medium.ttf"; sourceTree = "<group>"; };
		5BACA4372D64808A0093E0CF /* ChakraPetch-Regular.ttf */ = {isa = PBXFileReference; lastKnownFileType = file; path = "ChakraPetch-Regular.ttf"; sourceTree = "<group>"; };
		5BACA4382D64808A0093E0CF /* IBMPlexMono-Bold.ttf */ = {isa = PBXFileReference; lastKnownFileType = file; path = "IBMPlexMono-Bold.ttf"; sourceTree = "<group>"; };
		5BACA4392D64808A0093E0CF /* IBMPlexMono-Medium.ttf */ = {isa = PBXFileReference; lastKnownFileType = file; path = "IBMPlexMono-Medium.ttf"; sourceTree = "<group>"; };
		5BACA43A2D64808A0093E0CF /* IBMPlexMono-Regular.ttf */ = {isa = PBXFileReference; lastKnownFileType = file; path = "IBMPlexMono-Regular.ttf"; sourceTree = "<group>"; };
		5BACA43C2D64808A0093E0CF /* Preview Assets.xcassets */ = {isa = PBXFileReference; lastKnownFileType = folder.assetcatalog; path = "Preview Assets.xcassets"; sourceTree = "<group>"; };
		5BACA43E2D64808A0093E0CF /* MainView.swift */ = {isa = PBXFileReference; lastKnownFileType = sourcecode.swift; path = MainView.swift; sourceTree = "<group>"; };
		5BACA43F2D64808A0093E0CF /* Popups.swift */ = {isa = PBXFileReference; lastKnownFileType = sourcecode.swift; path = Popups.swift; sourceTree = "<group>"; };
		5BACA4402D64808A0093E0CF /* ProfileView.swift */ = {isa = PBXFileReference; lastKnownFileType = sourcecode.swift; path = ProfileView.swift; sourceTree = "<group>"; };
		5BACA4422D64808A0093E0CF /* FontUtils.swift */ = {isa = PBXFileReference; lastKnownFileType = sourcecode.swift; path = FontUtils.swift; sourceTree = "<group>"; };
		5BACA4432D64808A0093E0CF /* Utils.swift */ = {isa = PBXFileReference; lastKnownFileType = sourcecode.swift; path = Utils.swift; sourceTree = "<group>"; };
		5BACA4452D64808A0093E0CF /* AnchoredPopupExampleApp.swift */ = {isa = PBXFileReference; lastKnownFileType = sourcecode.swift; path = AnchoredPopupExampleApp.swift; sourceTree = "<group>"; };
		5BACA4462D64808A0093E0CF /* Assets.xcassets */ = {isa = PBXFileReference; lastKnownFileType = folder.assetcatalog; path = Assets.xcassets; sourceTree = "<group>"; };
		5BACA4472D64808A0093E0CF /* Info.plist */ = {isa = PBXFileReference; lastKnownFileType = text.plist.xml; path = Info.plist; sourceTree = "<group>"; };
/* End PBXFileReference section */

/* Begin PBXFrameworksBuildPhase section */
		5B87F29F2D3FA2B300A1D1FA /* Frameworks */ = {
			isa = PBXFrameworksBuildPhase;
			buildActionMask = 2147483647;
			files = (
				5B87F2BB2D3FAE7600A1D1FA /* AnchoredPopup in Frameworks */,
				5B87F2C42D3FB0D100A1D1FA /* AnchoredPopup in Frameworks */,
				5B1858D62D51FD3A00625A0F /* AnchoredPopup in Frameworks */,
				5B87F2BE2D3FAEE400A1D1FA /* AnchoredPopup in Frameworks */,
				5BACA4352D64806C0093E0CF /* AnchoredPopup in Frameworks */,
				5B4DBAD32D92F74A0067A006 /* AnchoredPopup in Frameworks */,
				5B87F2C12D3FB04A00A1D1FA /* AnchoredPopup in Frameworks */,
				5BB5D7002D647EC900D26B4D /* AnchoredPopup in Frameworks */,
			);
			runOnlyForDeploymentPostprocessing = 0;
		};
/* End PBXFrameworksBuildPhase section */

/* Begin PBXGroup section */
		5B87F2992D3FA2B300A1D1FA = {
			isa = PBXGroup;
			children = (
				5BACA4482D64808A0093E0CF /* AnchoredPopupExample */,
				5B87F2A32D3FA2B300A1D1FA /* Products */,
			);
			sourceTree = "<group>";
		};
		5B87F2A32D3FA2B300A1D1FA /* Products */ = {
			isa = PBXGroup;
			children = (
				5B87F2A22D3FA2B300A1D1FA /* AnchoredPopupExample.app */,
			);
			name = Products;
			sourceTree = "<group>";
		};
		5BACA43B2D64808A0093E0CF /* Fonts */ = {
			isa = PBXGroup;
			children = (
				5B4929962D673CC9002D045E /* ChakraPetch-Light.ttf */,
				5BACA4362D64808A0093E0CF /* ChakraPetch-Medium.ttf */,
				5BACA4372D64808A0093E0CF /* ChakraPetch-Regular.ttf */,
				5BACA4382D64808A0093E0CF /* IBMPlexMono-Bold.ttf */,
				5BACA4392D64808A0093E0CF /* IBMPlexMono-Medium.ttf */,
				5BACA43A2D64808A0093E0CF /* IBMPlexMono-Regular.ttf */,
			);
			path = Fonts;
			sourceTree = "<group>";
		};
		5BACA43D2D64808A0093E0CF /* Preview Content */ = {
			isa = PBXGroup;
			children = (
				5BACA43C2D64808A0093E0CF /* Preview Assets.xcassets */,
			);
			path = "Preview Content";
			sourceTree = "<group>";
		};
		5BACA4412D64808A0093E0CF /* Screens */ = {
			isa = PBXGroup;
			children = (
				5BACA43E2D64808A0093E0CF /* MainView.swift */,
				5BACA43F2D64808A0093E0CF /* Popups.swift */,
				5BACA4402D64808A0093E0CF /* ProfileView.swift */,
			);
			path = Screens;
			sourceTree = "<group>";
		};
		5BACA4442D64808A0093E0CF /* Utils */ = {
			isa = PBXGroup;
			children = (
				5BACA4422D64808A0093E0CF /* FontUtils.swift */,
				5BACA4432D64808A0093E0CF /* Utils.swift */,
			);
			path = Utils;
			sourceTree = "<group>";
		};
		5BACA4482D64808A0093E0CF /* AnchoredPopupExample */ = {
			isa = PBXGroup;
			children = (
				5BACA43B2D64808A0093E0CF /* Fonts */,
				5BACA43D2D64808A0093E0CF /* Preview Content */,
				5BACA4412D64808A0093E0CF /* Screens */,
				5BACA4442D64808A0093E0CF /* Utils */,
				5BACA4452D64808A0093E0CF /* AnchoredPopupExampleApp.swift */,
				5BACA4462D64808A0093E0CF /* Assets.xcassets */,
				5BACA4472D64808A0093E0CF /* Info.plist */,
			);
			path = AnchoredPopupExample;
			sourceTree = "<group>";
		};
/* End PBXGroup section */

/* Begin PBXNativeTarget section */
		5B87F2A12D3FA2B300A1D1FA /* AnchoredPopupExample */ = {
			isa = PBXNativeTarget;
			buildConfigurationList = 5B87F2B02D3FA2B400A1D1FA /* Build configuration list for PBXNativeTarget "AnchoredPopupExample" */;
			buildPhases = (
				5B87F29E2D3FA2B300A1D1FA /* Sources */,
				5B87F29F2D3FA2B300A1D1FA /* Frameworks */,
				5B87F2A02D3FA2B300A1D1FA /* Resources */,
			);
			buildRules = (
			);
			dependencies = (
			);
			name = AnchoredPopupExample;
			packageProductDependencies = (
				5B87F2BA2D3FAE7600A1D1FA /* AnchoredPopup */,
				5B87F2BD2D3FAEE400A1D1FA /* AnchoredPopup */,
				5B87F2C02D3FB04A00A1D1FA /* AnchoredPopup */,
				5B87F2C32D3FB0D100A1D1FA /* AnchoredPopup */,
				5B1858D52D51FD3A00625A0F /* AnchoredPopup */,
				5BB5D6FF2D647EC900D26B4D /* AnchoredPopup */,
				5BACA4342D64806C0093E0CF /* AnchoredPopup */,
				5B4DBAD22D92F74A0067A006 /* AnchoredPopup */,
			);
			productName = AnchoredPopupExample;
			productReference = 5B87F2A22D3FA2B300A1D1FA /* AnchoredPopupExample.app */;
			productType = "com.apple.product-type.application";
		};
/* End PBXNativeTarget section */

/* Begin PBXProject section */
		5B87F29A2D3FA2B300A1D1FA /* Project object */ = {
			isa = PBXProject;
			attributes = {
				BuildIndependentTargetsInParallel = 1;
				LastSwiftUpdateCheck = 1600;
				LastUpgradeCheck = 1600;
				TargetAttributes = {
					5B87F2A12D3FA2B300A1D1FA = {
						CreatedOnToolsVersion = 16.0;
					};
				};
			};
			buildConfigurationList = 5B87F29D2D3FA2B300A1D1FA /* Build configuration list for PBXProject "AnchoredPopupExample" */;
			developmentRegion = en;
			hasScannedForEncodings = 0;
			knownRegions = (
				en,
				Base,
			);
			mainGroup = 5B87F2992D3FA2B300A1D1FA;
			minimizedProjectReferenceProxies = 1;
			packageReferences = (
				5B4DBAD12D92F74A0067A006 /* XCLocalSwiftPackageReference "../../@AnchoredPopup" */,
			);
			preferredProjectObjectVersion = 77;
			productRefGroup = 5B87F2A32D3FA2B300A1D1FA /* Products */;
			projectDirPath = "";
			projectRoot = "";
			targets = (
				5B87F2A12D3FA2B300A1D1FA /* AnchoredPopupExample */,
			);
		};
/* End PBXProject section */

/* Begin PBXResourcesBuildPhase section */
		5B87F2A02D3FA2B300A1D1FA /* Resources */ = {
			isa = PBXResourcesBuildPhase;
			buildActionMask = 2147483647;
			files = (
				5BACA4492D64808A0093E0CF /* IBMPlexMono-Regular.ttf in Resources */,
				5BACA44A2D64808A0093E0CF /* Preview Assets.xcassets in Resources */,
				5BACA44C2D64808A0093E0CF /* IBMPlexMono-Bold.ttf in Resources */,
				5BACA44D2D64808A0093E0CF /* ChakraPetch-Medium.ttf in Resources */,
				5B4929972D673CC9002D045E /* ChakraPetch-Light.ttf in Resources */,
				5BACA44E2D64808A0093E0CF /* Assets.xcassets in Resources */,
				5BACA44F2D64808A0093E0CF /* ChakraPetch-Regular.ttf in Resources */,
				5BACA4502D64808A0093E0CF /* IBMPlexMono-Medium.ttf in Resources */,
			);
			runOnlyForDeploymentPostprocessing = 0;
		};
/* End PBXResourcesBuildPhase section */

/* Begin PBXSourcesBuildPhase section */
		5B87F29E2D3FA2B300A1D1FA /* Sources */ = {
			isa = PBXSourcesBuildPhase;
			buildActionMask = 2147483647;
			files = (
				5BACA4512D64808A0093E0CF /* Utils.swift in Sources */,
				5BACA4522D64808A0093E0CF /* AnchoredPopupExampleApp.swift in Sources */,
				5BACA4532D64808A0093E0CF /* Popups.swift in Sources */,
				5BACA4542D64808A0093E0CF /* MainView.swift in Sources */,
				5BACA4552D64808A0093E0CF /* FontUtils.swift in Sources */,
				5BACA4562D64808A0093E0CF /* ProfileView.swift in Sources */,
			);
			runOnlyForDeploymentPostprocessing = 0;
		};
/* End PBXSourcesBuildPhase section */

/* Begin XCBuildConfiguration section */
		5B87F2AE2D3FA2B400A1D1FA /* Debug */ = {
			isa = XCBuildConfiguration;
			buildSettings = {
				ALWAYS_SEARCH_USER_PATHS = NO;
				ASSETCATALOG_COMPILER_GENERATE_SWIFT_ASSET_SYMBOL_EXTENSIONS = YES;
				CLANG_ANALYZER_NONNULL = YES;
				CLANG_ANALYZER_NUMBER_OBJECT_CONVERSION = YES_AGGRESSIVE;
				CLANG_CXX_LANGUAGE_STANDARD = "gnu++20";
				CLANG_ENABLE_MODULES = YES;
				CLANG_ENABLE_OBJC_ARC = YES;
				CLANG_ENABLE_OBJC_WEAK = YES;
				CLANG_WARN_BLOCK_CAPTURE_AUTORELEASING = YES;
				CLANG_WARN_BOOL_CONVERSION = YES;
				CLANG_WARN_COMMA = YES;
				CLANG_WARN_CONSTANT_CONVERSION = YES;
				CLANG_WARN_DEPRECATED_OBJC_IMPLEMENTATIONS = YES;
				CLANG_WARN_DIRECT_OBJC_ISA_USAGE = YES_ERROR;
				CLANG_WARN_DOCUMENTATION_COMMENTS = YES;
				CLANG_WARN_EMPTY_BODY = YES;
				CLANG_WARN_ENUM_CONVERSION = YES;
				CLANG_WARN_INFINITE_RECURSION = YES;
				CLANG_WARN_INT_CONVERSION = YES;
				CLANG_WARN_NON_LITERAL_NULL_CONVERSION = YES;
				CLANG_WARN_OBJC_IMPLICIT_RETAIN_SELF = YES;
				CLANG_WARN_OBJC_LITERAL_CONVERSION = YES;
				CLANG_WARN_OBJC_ROOT_CLASS = YES_ERROR;
				CLANG_WARN_QUOTED_INCLUDE_IN_FRAMEWORK_HEADER = YES;
				CLANG_WARN_RANGE_LOOP_ANALYSIS = YES;
				CLANG_WARN_STRICT_PROTOTYPES = YES;
				CLANG_WARN_SUSPICIOUS_MOVE = YES;
				CLANG_WARN_UNGUARDED_AVAILABILITY = YES_AGGRESSIVE;
				CLANG_WARN_UNREACHABLE_CODE = YES;
				CLANG_WARN__DUPLICATE_METHOD_MATCH = YES;
				COPY_PHASE_STRIP = NO;
				DEBUG_INFORMATION_FORMAT = dwarf;
				ENABLE_STRICT_OBJC_MSGSEND = YES;
				ENABLE_TESTABILITY = YES;
				ENABLE_USER_SCRIPT_SANDBOXING = YES;
				GCC_C_LANGUAGE_STANDARD = gnu17;
				GCC_DYNAMIC_NO_PIC = NO;
				GCC_NO_COMMON_BLOCKS = YES;
				GCC_OPTIMIZATION_LEVEL = 0;
				GCC_PREPROCESSOR_DEFINITIONS = (
					"DEBUG=1",
					"$(inherited)",
				);
				GCC_WARN_64_TO_32_BIT_CONVERSION = YES;
				GCC_WARN_ABOUT_RETURN_TYPE = YES_ERROR;
				GCC_WARN_UNDECLARED_SELECTOR = YES;
				GCC_WARN_UNINITIALIZED_AUTOS = YES_AGGRESSIVE;
				GCC_WARN_UNUSED_FUNCTION = YES;
				GCC_WARN_UNUSED_VARIABLE = YES;
				IPHONEOS_DEPLOYMENT_TARGET = 18.0;
				LOCALIZATION_PREFERS_STRING_CATALOGS = YES;
				MTL_ENABLE_DEBUG_INFO = INCLUDE_SOURCE;
				MTL_FAST_MATH = YES;
				ONLY_ACTIVE_ARCH = YES;
				SDKROOT = iphoneos;
				SWIFT_ACTIVE_COMPILATION_CONDITIONS = "DEBUG $(inherited)";
				SWIFT_OPTIMIZATION_LEVEL = "-Onone";
				SWIFT_VERSION = 6.0;
			};
			name = Debug;
		};
		5B87F2AF2D3FA2B400A1D1FA /* Release */ = {
			isa = XCBuildConfiguration;
			buildSettings = {
				ALWAYS_SEARCH_USER_PATHS = NO;
				ASSETCATALOG_COMPILER_GENERATE_SWIFT_ASSET_SYMBOL_EXTENSIONS = YES;
				CLANG_ANALYZER_NONNULL = YES;
				CLANG_ANALYZER_NUMBER_OBJECT_CONVERSION = YES_AGGRESSIVE;
				CLANG_CXX_LANGUAGE_STANDARD = "gnu++20";
				CLANG_ENABLE_MODULES = YES;
				CLANG_ENABLE_OBJC_ARC = YES;
				CLANG_ENABLE_OBJC_WEAK = YES;
				CLANG_WARN_BLOCK_CAPTURE_AUTORELEASING = YES;
				CLANG_WARN_BOOL_CONVERSION = YES;
				CLANG_WARN_COMMA = YES;
				CLANG_WARN_CONSTANT_CONVERSION = YES;
				CLANG_WARN_DEPRECATED_OBJC_IMPLEMENTATIONS = YES;
				CLANG_WARN_DIRECT_OBJC_ISA_USAGE = YES_ERROR;
				CLANG_WARN_DOCUMENTATION_COMMENTS = YES;
				CLANG_WARN_EMPTY_BODY = YES;
				CLANG_WARN_ENUM_CONVERSION = YES;
				CLANG_WARN_INFINITE_RECURSION = YES;
				CLANG_WARN_INT_CONVERSION = YES;
				CLANG_WARN_NON_LITERAL_NULL_CONVERSION = YES;
				CLANG_WARN_OBJC_IMPLICIT_RETAIN_SELF = YES;
				CLANG_WARN_OBJC_LITERAL_CONVERSION = YES;
				CLANG_WARN_OBJC_ROOT_CLASS = YES_ERROR;
				CLANG_WARN_QUOTED_INCLUDE_IN_FRAMEWORK_HEADER = YES;
				CLANG_WARN_RANGE_LOOP_ANALYSIS = YES;
				CLANG_WARN_STRICT_PROTOTYPES = YES;
				CLANG_WARN_SUSPICIOUS_MOVE = YES;
				CLANG_WARN_UNGUARDED_AVAILABILITY = YES_AGGRESSIVE;
				CLANG_WARN_UNREACHABLE_CODE = YES;
				CLANG_WARN__DUPLICATE_METHOD_MATCH = YES;
				COPY_PHASE_STRIP = NO;
				DEBUG_INFORMATION_FORMAT = "dwarf-with-dsym";
				ENABLE_NS_ASSERTIONS = NO;
				ENABLE_STRICT_OBJC_MSGSEND = YES;
				ENABLE_USER_SCRIPT_SANDBOXING = YES;
				GCC_C_LANGUAGE_STANDARD = gnu17;
				GCC_NO_COMMON_BLOCKS = YES;
				GCC_WARN_64_TO_32_BIT_CONVERSION = YES;
				GCC_WARN_ABOUT_RETURN_TYPE = YES_ERROR;
				GCC_WARN_UNDECLARED_SELECTOR = YES;
				GCC_WARN_UNINITIALIZED_AUTOS = YES_AGGRESSIVE;
				GCC_WARN_UNUSED_FUNCTION = YES;
				GCC_WARN_UNUSED_VARIABLE = YES;
				IPHONEOS_DEPLOYMENT_TARGET = 18.0;
				LOCALIZATION_PREFERS_STRING_CATALOGS = YES;
				MTL_ENABLE_DEBUG_INFO = NO;
				MTL_FAST_MATH = YES;
				SDKROOT = iphoneos;
				SWIFT_COMPILATION_MODE = wholemodule;
				SWIFT_VERSION = 6.0;
				VALIDATE_PRODUCT = YES;
			};
			name = Release;
		};
		5B87F2B12D3FA2B400A1D1FA /* Debug */ = {
			isa = XCBuildConfiguration;
			buildSettings = {
				ASSETCATALOG_COMPILER_APPICON_NAME = AppIcon;
				ASSETCATALOG_COMPILER_GLOBAL_ACCENT_COLOR_NAME = AccentColor;
				CODE_SIGN_STYLE = Automatic;
				CURRENT_PROJECT_VERSION = 1;
				DEVELOPMENT_ASSET_PATHS = "\"AnchoredPopupExample/Preview Content\"";
				DEVELOPMENT_TEAM = FZXCM5CJ7P;
				ENABLE_PREVIEWS = YES;
				GENERATE_INFOPLIST_FILE = YES;
				INFOPLIST_FILE = AnchoredPopupExample/Info.plist;
				INFOPLIST_KEY_UIApplicationSceneManifest_Generation = YES;
				INFOPLIST_KEY_UIApplicationSupportsIndirectInputEvents = YES;
				INFOPLIST_KEY_UILaunchScreen_Generation = YES;
				INFOPLIST_KEY_UISupportedInterfaceOrientations_iPad = "UIInterfaceOrientationPortrait UIInterfaceOrientationPortraitUpsideDown UIInterfaceOrientationLandscapeLeft UIInterfaceOrientationLandscapeRight";
				INFOPLIST_KEY_UISupportedInterfaceOrientations_iPhone = "UIInterfaceOrientationPortrait UIInterfaceOrientationLandscapeLeft UIInterfaceOrientationLandscapeRight";
				IPHONEOS_DEPLOYMENT_TARGET = 17.6;
				LD_RUNPATH_SEARCH_PATHS = (
					"$(inherited)",
					"@executable_path/Frameworks",
				);
				MARKETING_VERSION = 1.0;
				PRODUCT_BUNDLE_IDENTIFIER = com.exyte.AnchoredPopupExample;
				PRODUCT_NAME = "$(TARGET_NAME)";
				SUPPORTED_PLATFORMS = "iphoneos iphonesimulator";
				SUPPORTS_MACCATALYST = NO;
				SUPPORTS_XR_DESIGNED_FOR_IPHONE_IPAD = NO;
				SWIFT_EMIT_LOC_STRINGS = YES;
				SWIFT_VERSION = 6.0;
				TARGETED_DEVICE_FAMILY = "1,2";
			};
			name = Debug;
		};
		5B87F2B22D3FA2B400A1D1FA /* Release */ = {
			isa = XCBuildConfiguration;
			buildSettings = {
				ASSETCATALOG_COMPILER_APPICON_NAME = AppIcon;
				ASSETCATALOG_COMPILER_GLOBAL_ACCENT_COLOR_NAME = AccentColor;
				CODE_SIGN_STYLE = Automatic;
				CURRENT_PROJECT_VERSION = 1;
				DEVELOPMENT_ASSET_PATHS = "\"AnchoredPopupExample/Preview Content\"";
				DEVELOPMENT_TEAM = FZXCM5CJ7P;
				ENABLE_PREVIEWS = YES;
				GENERATE_INFOPLIST_FILE = YES;
				INFOPLIST_FILE = AnchoredPopupExample/Info.plist;
				INFOPLIST_KEY_UIApplicationSceneManifest_Generation = YES;
				INFOPLIST_KEY_UIApplicationSupportsIndirectInputEvents = YES;
				INFOPLIST_KEY_UILaunchScreen_Generation = YES;
				INFOPLIST_KEY_UISupportedInterfaceOrientations_iPad = "UIInterfaceOrientationPortrait UIInterfaceOrientationPortraitUpsideDown UIInterfaceOrientationLandscapeLeft UIInterfaceOrientationLandscapeRight";
				INFOPLIST_KEY_UISupportedInterfaceOrientations_iPhone = "UIInterfaceOrientationPortrait UIInterfaceOrientationLandscapeLeft UIInterfaceOrientationLandscapeRight";
				IPHONEOS_DEPLOYMENT_TARGET = 17.6;
				LD_RUNPATH_SEARCH_PATHS = (
					"$(inherited)",
					"@executable_path/Frameworks",
				);
				MARKETING_VERSION = 1.0;
				PRODUCT_BUNDLE_IDENTIFIER = com.exyte.AnchoredPopupExample;
				PRODUCT_NAME = "$(TARGET_NAME)";
				SUPPORTED_PLATFORMS = "iphoneos iphonesimulator";
				SUPPORTS_MACCATALYST = NO;
				SUPPORTS_XR_DESIGNED_FOR_IPHONE_IPAD = NO;
				SWIFT_EMIT_LOC_STRINGS = YES;
				SWIFT_VERSION = 6.0;
				TARGETED_DEVICE_FAMILY = "1,2";
			};
			name = Release;
		};
/* End XCBuildConfiguration section */

/* Begin XCConfigurationList section */
		5B87F29D2D3FA2B300A1D1FA /* Build configuration list for PBXProject "AnchoredPopupExample" */ = {
			isa = XCConfigurationList;
			buildConfigurations = (
				5B87F2AE2D3FA2B400A1D1FA /* Debug */,
				5B87F2AF2D3FA2B400A1D1FA /* Release */,
			);
			defaultConfigurationIsVisible = 0;
			defaultConfigurationName = Release;
		};
		5B87F2B02D3FA2B400A1D1FA /* Build configuration list for PBXNativeTarget "AnchoredPopupExample" */ = {
			isa = XCConfigurationList;
			buildConfigurations = (
				5B87F2B12D3FA2B400A1D1FA /* Debug */,
				5B87F2B22D3FA2B400A1D1FA /* Release */,
			);
			defaultConfigurationIsVisible = 0;
			defaultConfigurationName = Release;
		};
/* End XCConfigurationList section */

/* Begin XCLocalSwiftPackageReference section */
		5B4DBAD12D92F74A0067A006 /* XCLocalSwiftPackageReference "../../@AnchoredPopup" */ = {
			isa = XCLocalSwiftPackageReference;
			relativePath = "../../@AnchoredPopup";
		};
/* End XCLocalSwiftPackageReference section */

/* Begin XCSwiftPackageProductDependency section */
		5B1858D52D51FD3A00625A0F /* AnchoredPopup */ = {
			isa = XCSwiftPackageProductDependency;
			productName = AnchoredPopup;
		};
		5B4DBAD22D92F74A0067A006 /* AnchoredPopup */ = {
			isa = XCSwiftPackageProductDependency;
			productName = AnchoredPopup;
		};
		5B87F2BA2D3FAE7600A1D1FA /* AnchoredPopup */ = {
			isa = XCSwiftPackageProductDependency;
			productName = AnchoredPopup;
		};
		5B87F2BD2D3FAEE400A1D1FA /* AnchoredPopup */ = {
			isa = XCSwiftPackageProductDependency;
			productName = AnchoredPopup;
		};
		5B87F2C02D3FB04A00A1D1FA /* AnchoredPopup */ = {
			isa = XCSwiftPackageProductDependency;
			productName = AnchoredPopup;
		};
		5B87F2C32D3FB0D100A1D1FA /* AnchoredPopup */ = {
			isa = XCSwiftPackageProductDependency;
			productName = AnchoredPopup;
		};
		5BACA4342D64806C0093E0CF /* AnchoredPopup */ = {
			isa = XCSwiftPackageProductDependency;
			productName = AnchoredPopup;
		};
		5BB5D6FF2D647EC900D26B4D /* AnchoredPopup */ = {
			isa = XCSwiftPackageProductDependency;
			productName = AnchoredPopup;
		};
/* End XCSwiftPackageProductDependency section */
	};
	rootObject = 5B87F29A2D3FA2B300A1D1FA /* Project object */;
}
